
Microsoft Visual Studio Solution File, Format Version 12.00
# Visual Studio Version 16
VisualStudioVersion = 16.0.31410.357
MinimumVisualStudioVersion = 10.0.40219.1
Project("{FAE04EC0-301F-11D3-BF4B-00C04F79EFBC}") = "Tarea04_4", "Tarea04_4\Tarea04_4.csproj", "{FD74A204-6A5C-406B-AFD9-E05CEEB511BF}"
EndProject
Global
	GlobalSection(SolutionConfigurationPlatforms) = preSolution
		Debug|Any CPU = Debug|Any CPU
		Release|Any CPU = Release|Any CPU
	EndGlobalSection
	GlobalSection(ProjectConfigurationPlatforms) = postSolution
		{FD74A204-6A5C-406B-AFD9-E05CEEB511BF}.Debug|Any CPU.ActiveCfg = Debug|Any CPU
		{FD74A204-6A5C-406B-AFD9-E05CEEB511BF}.Debug|Any CPU.Build.0 = Debug|Any CPU
		{FD74A204-6A5C-406B-AFD9-E05CEEB511BF}.Release|Any CPU.ActiveCfg = Release|Any CPU
		{FD74A204-6A5C-406B-AFD9-E05CEEB511BF}.Release|Any CPU.Build.0 = Release|Any CPU
	EndGlobalSection
	GlobalSection(SolutionProperties) = preSolution
		HideSolutionNode = FALSE
	EndGlobalSection
	GlobalSection(ExtensibilityGlobals) = postSolution
		SolutionGuid = {04A87404-CAD6-419F-A6EF-693A11BDF3A8}
	EndGlobalSection
EndGlobal
